
Microsoft Visual Studio Solution File, Format Version 12.00
# Visual Studio Version 17
VisualStudioVersion = 17.7.34024.191
MinimumVisualStudioVersion = 10.0.40219.1
Project("{FAE04EC0-301F-11D3-BF4B-00C04F79EFBC}") = "JWT_Dotnet", "JWT_Dotnet\JWT_Dotnet.csproj", "{502A09FF-832B-4076-A745-3D0C96B702AA}"
EndProject
Global
	GlobalSection(SolutionConfigurationPlatforms) = preSolution
		Debug|Any CPU = Debug|Any CPU
		Release|Any CPU = Release|Any CPU
	EndGlobalSection
	GlobalSection(ProjectConfigurationPlatforms) = postSolution
		{502A09FF-832B-4076-A745-3D0C96B702AA}.Debug|Any CPU.ActiveCfg = Debug|Any CPU
		{502A09FF-832B-4076-A745-3D0C96B702AA}.Debug|Any CPU.Build.0 = Debug|Any CPU
		{502A09FF-832B-4076-A745-3D0C96B702AA}.Release|Any CPU.ActiveCfg = Release|Any CPU
		{502A09FF-832B-4076-A745-3D0C96B702AA}.Release|Any CPU.Build.0 = Release|Any CPU
	EndGlobalSection
	GlobalSection(SolutionProperties) = preSolution
		HideSolutionNode = FALSE
	EndGlobalSection
	GlobalSection(ExtensibilityGlobals) = postSolution
		SolutionGuid = {B4362850-F566-4747-93BE-9BB95E28FE45}
	EndGlobalSection
EndGlobal
